
Microsoft Visual Studio Solution File, Format Version 12.00
# Visual Studio 15
VisualStudioVersion = 15.0.28307.168
MinimumVisualStudioVersion = 10.0.40219.1
Project("{FAE04EC0-301F-11D3-BF4B-00C04F79EFBC}") = "C16HW", "C16HW\C16HW.csproj", "{84B9DACA-F64E-4ED7-A834-F2173485E525}"
EndProject
Global
	GlobalSection(SolutionConfigurationPlatforms) = preSolution
		Debug|Any CPU = Debug|Any CPU
		Release|Any CPU = Release|Any CPU
	EndGlobalSection
	GlobalSection(ProjectConfigurationPlatforms) = postSolution
		{84B9DACA-F64E-4ED7-A834-F2173485E525}.Debug|Any CPU.ActiveCfg = Debug|Any CPU
		{84B9DACA-F64E-4ED7-A834-F2173485E525}.Debug|Any CPU.Build.0 = Debug|Any CPU
		{84B9DACA-F64E-4ED7-A834-F2173485E525}.Release|Any CPU.ActiveCfg = Release|Any CPU
		{84B9DACA-F64E-4ED7-A834-F2173485E525}.Release|Any CPU.Build.0 = Release|Any CPU
	EndGlobalSection
	GlobalSection(SolutionProperties) = preSolution
		HideSolutionNode = FALSE
	EndGlobalSection
	GlobalSection(ExtensibilityGlobals) = postSolution
		SolutionGuid = {69FAA142-C1D6-43BC-824A-032D20C1D899}
	EndGlobalSection
EndGlobal
